Microsoft Visual Studio Solution File, Format Version 12.00
# Visual Studio Version 17
VisualStudioVersion = 17.5.2.0
MinimumVisualStudioVersion = 10.0.40219.1
Project("{FAE04EC0-301F-11D3-BF4B-00C04F79EFBC}") = "TrenRezervasyonAPI", "TrenRezervasyonAPI\TrenRezervasyonAPI.csproj", "{0A5091E6-4076-B412-7908-C6081BEB23EE}"
EndProject
Global
	GlobalSection(SolutionConfigurationPlatforms) = preSolution
		Debug|Any CPU = Debug|Any CPU
		Release|Any CPU = Release|Any CPU
	EndGlobalSection
	GlobalSection(ProjectConfigurationPlatforms) = postSolution
		{0A5091E6-4076-B412-7908-C6081BEB23EE}.Debug|Any CPU.ActiveCfg = Debug|Any CPU
		{0A5091E6-4076-B412-7908-C6081BEB23EE}.Debug|Any CPU.Build.0 = Debug|Any CPU
		{0A5091E6-4076-B412-7908-C6081BEB23EE}.Release|Any CPU.ActiveCfg = Release|Any CPU
		{0A5091E6-4076-B412-7908-C6081BEB23EE}.Release|Any CPU.Build.0 = Release|Any CPU
	EndGlobalSection
	GlobalSection(SolutionProperties) = preSolution
		HideSolutionNode = FALSE
	EndGlobalSection
	GlobalSection(ExtensibilityGlobals) = postSolution
		SolutionGuid = {E8F8EA8F-E3A5-40E7-8165-FD64967C967D}
	EndGlobalSection
EndGlobal
